
Microsoft Visual Studio Solution File, Format Version 12.00
# Visual Studio 2013
VisualStudioVersion = 12.0.31101.0
MinimumVisualStudioVersion = 10.0.40219.1
Project("{8BC9CEB8-8B4A-11D0-8D11-00A0C91BC942}") = "TimEng", "TimEng\TimEng.vcxproj", "{810B7239-A7DF-43B9-B5F9-AE93FC0C3978}"
EndProject
Project("{8BC9CEB8-8B4A-11D0-8D11-00A0C91BC942}") = "ZombieGame", "ZombieGame\ZombieGame.vcxproj", "{A05CACF1-0860-4739-9183-DD107920F7DA}"
	ProjectSection(ProjectDependencies) = postProject
		{810B7239-A7DF-43B9-B5F9-AE93FC0C3978} = {810B7239-A7DF-43B9-B5F9-AE93FC0C3978}
	EndProjectSection
EndProject
Project("{8BC9CEB8-8B4A-11D0-8D11-00A0C91BC942}") = "NinjaPlatformer", "NinjaPlatformer\NinjaPlatformer.vcxproj", "{0898F85A-3FC0-4542-85E5-9CF0A0D97E97}"
	ProjectSection(ProjectDependencies) = postProject
		{810B7239-A7DF-43B9-B5F9-AE93FC0C3978} = {810B7239-A7DF-43B9-B5F9-AE93FC0C3978}
	EndProjectSection
EndProject
Project("{8BC9CEB8-8B4A-11D0-8D11-00A0C91BC942}") = "AudioTutorial", "AudioTutorial\AudioTutorial.vcxproj", "{E7A09D82-BEB0-464B-A003-32CBC5874437}"
EndProject
Global
	GlobalSection(SolutionConfigurationPlatforms) = preSolution
		Debug|ARM = Debug|ARM
		Debug|Win32 = Debug|Win32
		Debug|x64 = Debug|x64
		Release|ARM = Release|ARM
		Release|Win32 = Release|Win32
		Release|x64 = Release|x64
	EndGlobalSection
	GlobalSection(ProjectConfigurationPlatforms) = postSolution
		{810B7239-A7DF-43B9-B5F9-AE93FC0C3978}.Debug|ARM.ActiveCfg = Debug|Win32
		{810B7239-A7DF-43B9-B5F9-AE93FC0C3978}.Debug|Win32.ActiveCfg = Debug|Win32
		{810B7239-A7DF-43B9-B5F9-AE93FC0C3978}.Debug|Win32.Build.0 = Debug|Win32
		{810B7239-A7DF-43B9-B5F9-AE93FC0C3978}.Debug|x64.ActiveCfg = Debug|Win32
		{810B7239-A7DF-43B9-B5F9-AE93FC0C3978}.Release|ARM.ActiveCfg = Release|Win32
		{810B7239-A7DF-43B9-B5F9-AE93FC0C3978}.Release|Win32.ActiveCfg = Release|Win32
		{810B7239-A7DF-43B9-B5F9-AE93FC0C3978}.Release|Win32.Build.0 = Release|Win32
		{810B7239-A7DF-43B9-B5F9-AE93FC0C3978}.Release|x64.ActiveCfg = Release|Win32
		{A05CACF1-0860-4739-9183-DD107920F7DA}.Debug|ARM.ActiveCfg = Debug|Win32
		{A05CACF1-0860-4739-9183-DD107920F7DA}.Debug|Win32.ActiveCfg = Debug|Win32
		{A05CACF1-0860-4739-9183-DD107920F7DA}.Debug|Win32.Build.0 = Debug|Win32
		{A05CACF1-0860-4739-9183-DD107920F7DA}.Debug|x64.ActiveCfg = Debug|Win32
		{A05CACF1-0860-4739-9183-DD107920F7DA}.Release|ARM.ActiveCfg = Release|Win32
		{A05CACF1-0860-4739-9183-DD107920F7DA}.Release|Win32.ActiveCfg = Release|Win32
		{A05CACF1-0860-4739-9183-DD107920F7DA}.Release|Win32.Build.0 = Release|Win32
		{A05CACF1-0860-4739-9183-DD107920F7DA}.Release|x64.ActiveCfg = Release|Win32
		{0898F85A-3FC0-4542-85E5-9CF0A0D97E97}.Debug|ARM.ActiveCfg = Debug|Win32
		{0898F85A-3FC0-4542-85E5-9CF0A0D97E97}.Debug|Win32.ActiveCfg = Debug|Win32
		{0898F85A-3FC0-4542-85E5-9CF0A0D97E97}.Debug|Win32.Build.0 = Debug|Win32
		{0898F85A-3FC0-4542-85E5-9CF0A0D97E97}.Debug|x64.ActiveCfg = Debug|Win32
		{0898F85A-3FC0-4542-85E5-9CF0A0D97E97}.Release|ARM.ActiveCfg = Release|Win32
		{0898F85A-3FC0-4542-85E5-9CF0A0D97E97}.Release|Win32.ActiveCfg = Release|Win32
		{0898F85A-3FC0-4542-85E5-9CF0A0D97E97}.Release|Win32.Build.0 = Release|Win32
		{0898F85A-3FC0-4542-85E5-9CF0A0D97E97}.Release|x64.ActiveCfg = Release|Win32
		{E7A09D82-BEB0-464B-A003-32CBC5874437}.Debug|ARM.ActiveCfg = Debug|Win32
		{E7A09D82-BEB0-464B-A003-32CBC5874437}.Debug|Win32.ActiveCfg = Debug|Win32
		{E7A09D82-BEB0-464B-A003-32CBC5874437}.Debug|Win32.Build.0 = Debug|Win32
		{E7A09D82-BEB0-464B-A003-32CBC5874437}.Debug|x64.ActiveCfg = Debug|Win32
		{E7A09D82-BEB0-464B-A003-32CBC5874437}.Release|ARM.ActiveCfg = Release|Win32
		{E7A09D82-BEB0-464B-A003-32CBC5874437}.Release|Win32.ActiveCfg = Release|Win32
		{E7A09D82-BEB0-464B-A003-32CBC5874437}.Release|Win32.Build.0 = Release|Win32
		{E7A09D82-BEB0-464B-A003-32CBC5874437}.Release|x64.ActiveCfg = Release|Win32
	EndGlobalSection
	GlobalSection(SolutionProperties) = preSolution
		HideSolutionNode = FALSE
	EndGlobalSection
EndGlobal
